
Microsoft Visual Studio Solution File, Format Version 12.00
# Visual Studio Version 17
VisualStudioVersion = 17.7.34031.279
MinimumVisualStudioVersion = 10.0.40219.1
Project("{FAE04EC0-301F-11D3-BF4B-00C04F79EFBC}") = "second homework", "second homework\second homework.csproj", "{47848015-CD63-48F0-9051-DC576E1126CA}"
EndProject
Global
	GlobalSection(SolutionConfigurationPlatforms) = preSolution
		Debug|Any CPU = Debug|Any CPU
		Release|Any CPU = Release|Any CPU
	EndGlobalSection
	GlobalSection(ProjectConfigurationPlatforms) = postSolution
		{47848015-CD63-48F0-9051-DC576E1126CA}.Debug|Any CPU.ActiveCfg = Debug|Any CPU
		{47848015-CD63-48F0-9051-DC576E1126CA}.Debug|Any CPU.Build.0 = Debug|Any CPU
		{47848015-CD63-48F0-9051-DC576E1126CA}.Release|Any CPU.ActiveCfg = Release|Any CPU
		{47848015-CD63-48F0-9051-DC576E1126CA}.Release|Any CPU.Build.0 = Release|Any CPU
	EndGlobalSection
	GlobalSection(SolutionProperties) = preSolution
		HideSolutionNode = FALSE
	EndGlobalSection
	GlobalSection(ExtensibilityGlobals) = postSolution
		SolutionGuid = {4613B733-0B13-444A-8853-151C85E75F75}
	EndGlobalSection
EndGlobal
